// !$*UTF8*$!
{
	archiveVersion = 1;
	classes = {
	};
	objectVersion = 56;
	objects = {

/* Begin PBXBuildFile section */
		AA123456AA123456 /* ActionFigureDatabaseApp.swift in Sources */ = {isa = PBXBuildFile; fileRef = BB123456BB123456 /* ActionFigureDatabaseApp.swift */; };
		AA123457AA123457 /* ContentView.swift in Sources */ = {isa = PBXBuildFile; fileRef = BB123457BB123457 /* ContentView.swift */; };
		AA123458AA123458 /* Assets.xcassets in Resources */ = {isa = PBXBuildFile; fileRef = BB123458BB123458 /* Assets.xcassets */; };
		AA123459AA123459 /* Preview Assets.xcassets in Resources */ = {isa = PBXBuildFile; fileRef = BB123459BB123459 /* Preview Assets.xcassets */; };
		AA12345AAA12345A /* ActionFigureDatabase.xcdatamodeld in Sources */ = {isa = PBXBuildFile; fileRef = BB12345BBB12345B /* ActionFigureDatabase.xcdatamodeld */; };
		AA12345BAA12345B /* PersistenceController.swift in Sources */ = {isa = PBXBuildFile; fileRef = BB12345CBB12345C /* PersistenceController.swift */; };
		AA12345CAA12345C /* DataManager.swift in Sources */ = {isa = PBXBuildFile; fileRef = BB12345DBB12345D /* DataManager.swift */; };
		AA12345DAA12345D /* AddFigureView.swift in Sources */ = {isa = PBXBuildFile; fileRef = BB12345EBB12345E /* AddFigureView.swift */; };
		AA12345EAA12345E /* FigureDetailView.swift in Sources */ = {isa = PBXBuildFile; fileRef = BB12345FBB12345F /* FigureDetailView.swift */; };
		AA12345FAA12345F /* SearchView.swift in Sources */ = {isa = PBXBuildFile; fileRef = BB123460BB123460 /* SearchView.swift */; };
/* End PBXBuildFile section */

/* Begin PBXFileReference section */
		CC123456CC123456 /* ActionFigureDatabase.app */ = {isa = PBXFileReference; explicitFileType = wrapper.application; includeInIndex = 0; path = ActionFigureDatabase.app; sourceTree = BUILT_PRODUCTS_DIR; };
		BB123456BB123456 /* ActionFigureDatabaseApp.swift */ = {isa = PBXFileReference; lastKnownFileType = sourcecode.swift; path = ActionFigureDatabaseApp.swift; sourceTree = "<group>"; };
		BB123457BB123457 /* ContentView.swift */ = {isa = PBXFileReference; lastKnownFileType = sourcecode.swift; path = ContentView.swift; sourceTree = "<group>"; };
		BB123458BB123458 /* Assets.xcassets */ = {isa = PBXFileReference; lastKnownFileType = folder.assetcatalog; path = Assets.xcassets; sourceTree = "<group>"; };
		BB123459BB123459 /* Preview Assets.xcassets */ = {isa = PBXFileReference; lastKnownFileType = folder.assetcatalog; path = "Preview Assets.xcassets"; sourceTree = "<group>"; };
		BB12345ABB12345A /* ActionFigureDatabase.entitlements */ = {isa = PBXFileReference; lastKnownFileType = text.plist.entitlements; path = ActionFigureDatabase.entitlements; sourceTree = "<group>"; };
		BB12345BBB12345B /* ActionFigureDatabase.xcdatamodel */ = {isa = PBXFileReference; lastKnownFileType = wrapper.xcdatamodel; path = ActionFigureDatabase.xcdatamodel; sourceTree = "<group>"; };
		BB12345CBB12345C /* PersistenceController.swift */ = {isa = PBXFileReference; lastKnownFileType = sourcecode.swift; path = PersistenceController.swift; sourceTree = "<group>"; };
		BB12345DBB12345D /* DataManager.swift */ = {isa = PBXFileReference; lastKnownFileType = sourcecode.swift; path = DataManager.swift; sourceTree = "<group>"; };
		BB12345EBB12345E /* AddFigureView.swift */ = {isa = PBXFileReference; lastKnownFileType = sourcecode.swift; path = AddFigureView.swift; sourceTree = "<group>"; };
		BB12345FBB12345F /* FigureDetailView.swift */ = {isa = PBXFileReference; lastKnownFileType = sourcecode.swift; path = FigureDetailView.swift; sourceTree = "<group>"; };
		BB123460BB123460 /* SearchView.swift */ = {isa = PBXFileReference; lastKnownFileType = sourcecode.swift; path = SearchView.swift; sourceTree = "<group>"; };
/* End PBXFileReference section */

/* Begin PBXFrameworksBuildPhase section */
		DD123456DD123456 /* Frameworks */ = {
			isa = PBXFrameworksBuildPhase;
			buildActionMask = 2147483647;
			files = (
			);
			runOnlyForDeploymentPostprocessing = 0;
		};
/* End PBXFrameworksBuildPhase section */

/* Begin PBXGroup section */
		EE123456EE123456 = {
			isa = PBXGroup;
			children = (
				FF123456FF123456 /* ActionFigureDatabase */,
				GG123456GG123456 /* Products */,
			);
			sourceTree = "<group>";
		};
		GG123456GG123456 /* Products */ = {
			isa = PBXGroup;
			children = (
				CC123456CC123456 /* ActionFigureDatabase.app */,
			);
			name = Products;
			sourceTree = "<group>";
		};
		FF123456FF123456 /* ActionFigureDatabase */ = {
			isa = PBXGroup;
			children = (
				BB123456BB123456 /* ActionFigureDatabaseApp.swift */,
				HH123456HH123456 /* Views */,
				II123456II123456 /* Models */,
				JJ123456JJ123456 /* Managers */,
				BB123458BB123458 /* Assets.xcassets */,
				BB12345ABB12345A /* ActionFigureDatabase.entitlements */,
				BB12345BBB12345B /* ActionFigureDatabase.xcdatamodeld */,
				KK123456KK123456 /* Preview Content */,
			);
			path = ActionFigureDatabase;
			sourceTree = "<group>";
		};
		KK123456KK123456 /* Preview Content */ = {
			isa = PBXGroup;
			children = (
				BB123459BB123459 /* Preview Assets.xcassets */,
			);
			path = "Preview Content";
			sourceTree = "<group>";
		};
		HH123456HH123456 /* Views */ = {
			isa = PBXGroup;
			children = (
				BB123457BB123457 /* ContentView.swift */,
				BB12345EBB12345E /* AddFigureView.swift */,
				BB12345FBB12345F /* FigureDetailView.swift */,
				BB123460BB123460 /* SearchView.swift */,
			);
			path = Views;
			sourceTree = "<group>";
		};
		II123456II123456 /* Models */ = {
			isa = PBXGroup;
			children = (
			);
			path = Models;
			sourceTree = "<group>";
		};
		JJ123456JJ123456 /* Managers */ = {
			isa = PBXGroup;
			children = (
				BB12345CBB12345C /* PersistenceController.swift */,
				BB12345DBB12345D /* DataManager.swift */,
			);
			path = Managers;
			sourceTree = "<group>";
		};
/* End PBXGroup section */

/* Begin PBXNativeTarget section */
		LL123456LL123456 /* ActionFigureDatabase */ = {
			isa = PBXNativeTarget;
			buildConfigurationList = MM123456MM123456 /* Build configuration list for PBXNativeTarget "ActionFigureDatabase" */;
			buildPhases = (
				NN123456NN123456 /* Sources */,
				DD123456DD123456 /* Frameworks */,
				OO123456OO123456 /* Resources */,
			);
			buildRules = (
			);
			dependencies = (
			);
			name = ActionFigureDatabase;
			productName = ActionFigureDatabase;
			productReference = CC123456CC123456 /* ActionFigureDatabase.app */;
			productType = "com.apple.product-type.application";
		};
/* End PBXNativeTarget section */

/* Begin PBXProject section */
		PP123456PP123456 /* Project object */ = {
			isa = PBXProject;
			attributes = {
				BuildIndependentTargetsInParallel = 1;
				LastSwiftUpdateCheck = 1500;
				LastUpgradeCheck = 1500;
				TargetAttributes = {
					LL123456LL123456 = {
						CreatedOnToolsVersion = 15.0;
					};
				};
			};
			buildConfigurationList = QQ123456QQ123456 /* Build configuration list for PBXProject "ActionFigureDatabase" */;
			compatibilityVersion = "Xcode 14.0";
			developmentRegion = en;
			hasScannedForEncodings = 0;
			knownRegions = (
				en,
				Base,
			);
			mainGroup = EE123456EE123456;
			productRefGroup = GG123456GG123456 /* Products */;
			projectDirPath = "";
			projectRoot = "";
			targets = (
				LL123456LL123456 /* ActionFigureDatabase */,
			);
		};
/* End PBXProject section */

/* Begin PBXResourcesBuildPhase section */
		OO123456OO123456 /* Resources */ = {
			isa = PBXResourcesBuildPhase;
			buildActionMask = 2147483647;
			files = (
				AA123459AA123459 /* Preview Assets.xcassets in Resources */,
				AA123458AA123458 /* Assets.xcassets in Resources */,
			);
			runOnlyForDeploymentPostprocessing = 0;
		};
/* End PBXResourcesBuildPhase section */

/* Begin PBXSourcesBuildPhase section */
		NN123456NN123456 /* Sources */ = {
			isa = PBXSourcesBuildPhase;
			buildActionMask = 2147483647;
			files = (
				AA123457AA123457 /* ContentView.swift in Sources */,
				AA12345AAA12345A /* ActionFigureDatabase.xcdatamodeld in Sources */,
				AA123456AA123456 /* ActionFigureDatabaseApp.swift in Sources */,
				AA12345BAA12345B /* PersistenceController.swift in Sources */,
				AA12345CAA12345C /* DataManager.swift in Sources */,
				AA12345DAA12345D /* AddFigureView.swift in Sources */,
				AA12345EAA12345E /* FigureDetailView.swift in Sources */,
				AA12345FAA12345F /* SearchView.swift in Sources */,
			);
			runOnlyForDeploymentPostprocessing = 0;
		};
/* End PBXSourcesBuildPhase section */

/* Begin XCBuildConfiguration section */
		RR123456RR123456 /* Debug */ = {
			isa = XCBuildConfiguration;
			buildSettings = {
				ALWAYS_SEARCH_USER_PATHS = NO;
				ASSETCATALOG_COMPILER_GENERATE_SWIFT_ASSET_SYMBOL_EXTENSIONS = YES;
				CLANG_ANALYZER_NONNULL = YES;
				CLANG_ANALYZER_NUMBER_OBJECT_CONVERSION = YES_AGGRESSIVE;
				CLANG_CXX_LANGUAGE_STANDARD = "gnu++20";
				CLANG_ENABLE_MODULES = YES;
				CLANG_ENABLE_OBJC_ARC = YES;
				CLANG_ENABLE_OBJC_WEAK = YES;
				CLANG_WARN_BLOCK_CAPTURE_AUTORELEASING = YES;
				CLANG_WARN_BOOL_CONVERSION = YES;
				CLANG_WARN_COMMA = YES;
				CLANG_WARN_CONSTANT_CONVERSION = YES;
				CLANG_WARN_DEPRECATED_OBJC_IMPLEMENTATIONS = YES;
				CLANG_WARN_DIRECT_OBJC_ISA_USAGE = YES_ERROR;
				CLANG_WARN_DOCUMENTATION_COMMENTS = YES;
				CLANG_WARN_EMPTY_BODY = YES;
				CLANG_WARN_ENUM_CONVERSION = YES;
				CLANG_WARN_INFINITE_RECURSION = YES;
				CLANG_WARN_INT_CONVERSION = YES;
				CLANG_WARN_NON_LITERAL_NULL_CONVERSION = YES;
				CLANG_WARN_OBJC_IMPLICIT_RETAIN_SELF = YES;
				CLANG_WARN_OBJC_LITERAL_CONVERSION = YES;
				CLANG_WARN_OBJC_ROOT_CLASS = YES_ERROR;
				CLANG_WARN_QUOTED_INCLUDE_IN_FRAMEWORK_HEADER = YES;
				CLANG_WARN_RANGE_LOOP_ANALYSIS = YES;
				CLANG_WARN_STRICT_PROTOTYPES = YES;
				CLANG_WARN_SUSPICIOUS_MOVE = YES;
				CLANG_WARN_UNGUARDED_AVAILABILITY = YES_AGGRESSIVE;
				CLANG_WARN_UNREACHABLE_CODE = YES;
				CLANG_WARN__DUPLICATE_METHOD_MATCH = YES;
				COPY_PHASE_STRIP = NO;
				DEBUG_INFORMATION_FORMAT = dwarf;
				ENABLE_STRICT_OBJC_MSGSEND = YES;
				ENABLE_TESTABILITY = YES;
				ENABLE_USER_SCRIPT_SANDBOXING = YES;
				GCC_C_LANGUAGE_STANDARD = gnu17;
				GCC_DYNAMIC_NO_PIC = NO;
				GCC_NO_COMMON_BLOCKS = YES;
				GCC_OPTIMIZATION_LEVEL = 0;
				GCC_PREPROCESSOR_DEFINITIONS = (
					"DEBUG=1",
					"$(inherited)",
				);
				GCC_WARN_64_TO_32_BIT_CONVERSION = YES;
				GCC_WARN_ABOUT_RETURN_TYPE = YES_ERROR;
				GCC_WARN_UNDECLARED_SELECTOR = YES;
				GCC_WARN_UNINITIALIZED_AUTOS = YES_AGGRESSIVE;
				GCC_WARN_UNUSED_FUNCTION = YES;
				GCC_WARN_UNUSED_VARIABLE = YES;
				LOCALIZATION_PREFERS_STRING_CATALOGS = YES;
				MACOSX_DEPLOYMENT_TARGET = 14.0;
				MTL_ENABLE_DEBUG_INFO = INCLUDE_SOURCE;
				MTL_FAST_MATH = YES;
				ONLY_ACTIVE_ARCH = YES;
				SDKROOT = macosx;
				SWIFT_ACTIVE_COMPILATION_CONDITIONS = "DEBUG $(inherited)";
				SWIFT_OPTIMIZATION_LEVEL = "-Onone";
			};
			name = Debug;
		};
		SS123456SS123456 /* Release */ = {
			isa = XCBuildConfiguration;
			buildSettings = {
				ALWAYS_SEARCH_USER_PATHS = NO;
				ASSETCATALOG_COMPILER_GENERATE_SWIFT_ASSET_SYMBOL_EXTENSIONS = YES;
				CLANG_ANALYZER_NONNULL = YES;
				CLANG_ANALYZER_NUMBER_OBJECT_CONVERSION = YES_AGGRESSIVE;
				CLANG_CXX_LANGUAGE_STANDARD = "gnu++20";
				CLANG_ENABLE_MODULES = YES;
				CLANG_ENABLE_OBJC_ARC = YES;
				CLANG_ENABLE_OBJC_WEAK = YES;
				CLANG_WARN_BLOCK_CAPTURE_AUTORELEASING = YES;
				CLANG_WARN_BOOL_CONVERSION = YES;
				CLANG_WARN_COMMA = YES;
				CLANG_WARN_CONSTANT_CONVERSION = YES;
				CLANG_WARN_DEPRECATED_OBJC_IMPLEMENTATIONS = YES;
				CLANG_WARN_DIRECT_OBJC_ISA_USAGE = YES_ERROR;
				CLANG_WARN_DOCUMENTATION_COMMENTS = YES;
				CLANG_WARN_EMPTY_BODY = YES;
				CLANG_WARN_ENUM_CONVERSION = YES;
				CLANG_WARN_INFINITE_RECURSION = YES;
				CLANG_WARN_INT_CONVERSION = YES;
				CLANG_WARN_NON_LITERAL_NULL_CONVERSION = YES;
				CLANG_WARN_OBJC_IMPLICIT_RETAIN_SELF = YES;
				CLANG_WARN_OBJC_LITERAL_CONVERSION = YES;
				CLANG_WARN_OBJC_ROOT_CLASS = YES_ERROR;
				CLANG_WARN_QUOTED_INCLUDE_IN_FRAMEWORK_HEADER = YES;
				CLANG_WARN_RANGE_LOOP_ANALYSIS = YES;
				CLANG_WARN_STRICT_PROTOTYPES = YES;
				CLANG_WARN_SUSPICIOUS_MOVE = YES;
				CLANG_WARN_UNGUARDED_AVAILABILITY = YES_AGGRESSIVE;
				CLANG_WARN_UNREACHABLE_CODE = YES;
				CLANG_WARN__DUPLICATE_METHOD_MATCH = YES;
				COPY_PHASE_STRIP = NO;
				DEBUG_INFORMATION_FORMAT = "dwarf-with-dsym";
				ENABLE_NS_ASSERTIONS = NO;
				ENABLE_STRICT_OBJC_MSGSEND = YES;
				ENABLE_USER_SCRIPT_SANDBOXING = YES;
				GCC_C_LANGUAGE_STANDARD = gnu17;
				GCC_NO_COMMON_BLOCKS = YES;
				GCC_WARN_64_TO_32_BIT_CONVERSION = YES;
				GCC_WARN_ABOUT_RETURN_TYPE = YES_ERROR;
				GCC_WARN_UNDECLARED_SELECTOR = YES;
				GCC_WARN_UNINITIALIZED_AUTOS = YES_AGGRESSIVE;
				GCC_WARN_UNUSED_FUNCTION = YES;
				GCC_WARN_UNUSED_VARIABLE = YES;
				LOCALIZATION_PREFERS_STRING_CATALOGS = YES;
				MACOSX_DEPLOYMENT_TARGET = 14.0;
				MTL_ENABLE_DEBUG_INFO = NO;
				MTL_FAST_MATH = YES;
				SDKROOT = macosx;
				SWIFT_COMPILATION_MODE = wholemodule;
			};
			name = Release;
		};
		TT123456TT123456 /* Debug */ = {
			isa = XCBuildConfiguration;
			buildSettings = {
				ASSETCATALOG_COMPILER_APPICON_NAME = AppIcon;
				ASSETCATALOG_COMPILER_GLOBAL_ACCENT_COLOR_NAME = AccentColor;
				CODE_SIGN_ENTITLEMENTS = ActionFigureDatabase/ActionFigureDatabase.entitlements;
				CODE_SIGN_STYLE = Automatic;
				COMBINE_HIDPI_IMAGES = YES;
				CURRENT_PROJECT_VERSION = 1;
				DEVELOPMENT_ASSET_PATHS = "\"ActionFigureDatabase/Preview Content\"";
				ENABLE_PREVIEWS = YES;
				GENERATE_INFOPLIST_FILE = YES;
				INFOPLIST_KEY_NSHumanReadableCopyright = "";
				LD_RUNPATH_SEARCH_PATHS = (
					"$(inherited)",
					"@executable_path/../Frameworks",
				);
				MARKETING_VERSION = 1.0;
				PRODUCT_BUNDLE_IDENTIFIER = com.actionfigures.ActionFigureDatabase;
				PRODUCT_NAME = "$(TARGET_NAME)";
				SWIFT_EMIT_LOC_STRINGS = YES;
				SWIFT_VERSION = 5.0;
			};
			name = Debug;
		};
		UU123456UU123456 /* Release */ = {
			isa = XCBuildConfiguration;
			buildSettings = {
				ASSETCATALOG_COMPILER_APPICON_NAME = AppIcon;
				ASSETCATALOG_COMPILER_GLOBAL_ACCENT_COLOR_NAME = AccentColor;
				CODE_SIGN_ENTITLEMENTS = ActionFigureDatabase/ActionFigureDatabase.entitlements;
				CODE_SIGN_STYLE = Automatic;
				COMBINE_HIDPI_IMAGES = YES;
				CURRENT_PROJECT_VERSION = 1;
				DEVELOPMENT_ASSET_PATHS = "\"ActionFigureDatabase/Preview Content\"";
				ENABLE_PREVIEWS = YES;
				GENERATE_INFOPLIST_FILE = YES;
				INFOPLIST_KEY_NSHumanReadableCopyright = "";
				LD_RUNPATH_SEARCH_PATHS = (
					"$(inherited)",
					"@executable_path/../Frameworks",
				);
				MARKETING_VERSION = 1.0;
				PRODUCT_BUNDLE_IDENTIFIER = com.actionfigures.ActionFigureDatabase;
				PRODUCT_NAME = "$(TARGET_NAME)";
				SWIFT_EMIT_LOC_STRINGS = YES;
				SWIFT_VERSION = 5.0;
			};
			name = Release;
		};
/* End XCBuildConfiguration section */

/* Begin XCConfigurationList section */
		QQ123456QQ123456 /* Build configuration list for PBXProject "ActionFigureDatabase" */ = {
			isa = XCConfigurationList;
			buildConfigurations = (
				RR123456RR123456 /* Debug */,
				SS123456SS123456 /* Release */,
			);
			defaultConfigurationIsVisible = 0;
			defaultConfigurationName = Release;
		};
		MM123456MM123456 /* Build configuration list for PBXNativeTarget "ActionFigureDatabase" */ = {
			isa = XCConfigurationList;
			buildConfigurations = (
				TT123456TT123456 /* Debug */,
				UU123456UU123456 /* Release */,
			);
			defaultConfigurationIsVisible = 0;
			defaultConfigurationName = Release;
		};
/* End XCConfigurationList section */

/* Begin XCVersionGroup section */
		BB12345BBB12345B /* ActionFigureDatabase.xcdatamodeld */ = {
			isa = XCVersionGroup;
			children = (
				BB12345BBB12345B /* ActionFigureDatabase.xcdatamodel */,
			);
			currentVersion = BB12345BBB12345B /* ActionFigureDatabase.xcdatamodel */;
			path = ActionFigureDatabase.xcdatamodeld;
			sourceTree = "<group>";
			versionGroupType = wrapper.xcdatamodel;
		};
/* End XCVersionGroup section */
	};
	rootObject = PP123456PP123456 /* Project object */;
}